{"format_version":"0.1","terraform_version":"0.15.4","planned_values":{"root_module":{"resources":[{"address":"aws_neptune_cluster.neptunedb-cluster-fail","mode":"managed","type":"aws_neptune_cluster","name":"neptunedb-cluster-fail","provider_name":"registry.terraform.io/hashicorp/aws","schema_version":0,"values":{"backup_retention_period":1,"cluster_identifier":"neptunedb-cluster-fail","deletion_protection":null,"enable_cloudwatch_logs_exports":null,"engine":"neptune","final_snapshot_identifier":null,"iam_database_authentication_enabled":null,"iam_roles":null,"neptune_cluster_parameter_group_name":"default.neptune1","port":8182,"replication_source_identifier":null,"skip_final_snapshot":false,"snapshot_identifier":null,"storage_encrypted":false,"tags":null,"timeouts":null}},{"address":"aws_neptune_cluster.neptunedb-cluster-pass","mode":"managed","type":"aws_neptune_cluster","name":"neptunedb-cluster-pass","provider_name":"registry.terraform.io/hashicorp/aws","schema_version":0,"values":{"backup_retention_period":1,"cluster_identifier":"neptunedb-cluster-pass","deletion_protection":null,"enable_cloudwatch_logs_exports":["audit"],"engine":"neptune","final_snapshot_identifier":null,"iam_database_authentication_enabled":null,"iam_roles":null,"neptune_cluster_parameter_group_name":"default.neptune1","port":8182,"replication_source_identifier":null,"skip_final_snapshot":false,"snapshot_identifier":null,"storage_encrypted":true,"tags":null,"timeouts":null}},{"address":"aws_neptune_cluster_instance.neptunedb-cluster-instance-fail","mode":"managed","type":"aws_neptune_cluster_instance","name":"neptunedb-cluster-instance-fail","provider_name":"registry.terraform.io/hashicorp/aws","schema_version":0,"values":{"auto_minor_version_upgrade":true,"engine":"neptune","instance_class":"db.r4.small","neptune_parameter_group_name":"default.neptune1","port":8182,"promotion_tier":0,"publicly_accessible":true,"tags":null,"timeouts":null}},{"address":"aws_neptune_cluster_instance.neptunedb-cluster-instance-pass","mode":"managed","type":"aws_neptune_cluster_instance","name":"neptunedb-cluster-instance-pass","provider_name":"registry.terraform.io/hashicorp/aws","schema_version":0,"values":{"auto_minor_version_upgrade":true,"engine":"neptune","instance_class":"db.r4.small","neptune_parameter_group_name":"default.neptune1","port":8182,"promotion_tier":0,"publicly_accessible":false,"tags":null,"timeouts":null}}]}},"resource_changes":[{"address":"aws_neptune_cluster.neptunedb-cluster-fail","mode":"managed","type":"aws_neptune_cluster","name":"neptunedb-cluster-fail","provider_name":"registry.terraform.io/hashicorp/aws","change":{"actions":["create"],"before":null,"after":{"backup_retention_period":1,"cluster_identifier":"neptunedb-cluster-fail","deletion_protection":null,"enable_cloudwatch_logs_exports":null,"engine":"neptune","final_snapshot_identifier":null,"iam_database_authentication_enabled":null,"iam_roles":null,"neptune_cluster_parameter_group_name":"default.neptune1","port":8182,"replication_source_identifier":null,"skip_final_snapshot":false,"snapshot_identifier":null,"storage_encrypted":false,"tags":null,"timeouts":null},"after_unknown":{"apply_immediately":true,"arn":true,"availability_zones":true,"cluster_identifier_prefix":true,"cluster_members":true,"cluster_resource_id":true,"endpoint":true,"engine_version":true,"hosted_zone_id":true,"id":true,"kms_key_arn":true,"neptune_subnet_group_name":true,"preferred_backup_window":true,"preferred_maintenance_window":true,"reader_endpoint":true,"tags_all":true,"vpc_security_group_ids":true},"before_sensitive":false,"after_sensitive":{"availability_zones":[],"cluster_members":[],"tags_all":{},"vpc_security_group_ids":[]}}},{"address":"aws_neptune_cluster.neptunedb-cluster-pass","mode":"managed","type":"aws_neptune_cluster","name":"neptunedb-cluster-pass","provider_name":"registry.terraform.io/hashicorp/aws","change":{"actions":["create"],"before":null,"after":{"backup_retention_period":1,"cluster_identifier":"neptunedb-cluster-pass","deletion_protection":null,"enable_cloudwatch_logs_exports":["audit"],"engine":"neptune","final_snapshot_identifier":null,"iam_database_authentication_enabled":null,"iam_roles":null,"neptune_cluster_parameter_group_name":"default.neptune1","port":8182,"replication_source_identifier":null,"skip_final_snapshot":false,"snapshot_identifier":null,"storage_encrypted":true,"tags":null,"timeouts":null},"after_unknown":{"apply_immediately":true,"arn":true,"availability_zones":true,"cluster_identifier_prefix":true,"cluster_members":true,"cluster_resource_id":true,"enable_cloudwatch_logs_exports":[false],"endpoint":true,"engine_version":true,"hosted_zone_id":true,"id":true,"kms_key_arn":true,"neptune_subnet_group_name":true,"preferred_backup_window":true,"preferred_maintenance_window":true,"reader_endpoint":true,"tags_all":true,"vpc_security_group_ids":true},"before_sensitive":false,"after_sensitive":{"availability_zones":[],"cluster_members":[],"enable_cloudwatch_logs_exports":[false],"tags_all":{},"vpc_security_group_ids":[]}}},{"address":"aws_neptune_cluster_instance.neptunedb-cluster-instance-fail","mode":"managed","type":"aws_neptune_cluster_instance","name":"neptunedb-cluster-instance-fail","provider_name":"registry.terraform.io/hashicorp/aws","change":{"actions":["create"],"before":null,"after":{"auto_minor_version_upgrade":true,"engine":"neptune","instance_class":"db.r4.small","neptune_parameter_group_name":"default.neptune1","port":8182,"promotion_tier":0,"publicly_accessible":true,"tags":null,"timeouts":null},"after_unknown":{"address":true,"apply_immediately":true,"arn":true,"availability_zone":true,"cluster_identifier":true,"dbi_resource_id":true,"endpoint":true,"engine_version":true,"id":true,"identifier":true,"identifier_prefix":true,"kms_key_arn":true,"neptune_subnet_group_name":true,"preferred_backup_window":true,"preferred_maintenance_window":true,"storage_encrypted":true,"tags_all":true,"writer":true},"before_sensitive":false,"after_sensitive":{"tags_all":{}}}},{"address":"aws_neptune_cluster_instance.neptunedb-cluster-instance-pass","mode":"managed","type":"aws_neptune_cluster_instance","name":"neptunedb-cluster-instance-pass","provider_name":"registry.terraform.io/hashicorp/aws","change":{"actions":["create"],"before":null,"after":{"auto_minor_version_upgrade":true,"engine":"neptune","instance_class":"db.r4.small","neptune_parameter_group_name":"default.neptune1","port":8182,"promotion_tier":0,"publicly_accessible":false,"tags":null,"timeouts":null},"after_unknown":{"address":true,"apply_immediately":true,"arn":true,"availability_zone":true,"cluster_identifier":true,"dbi_resource_id":true,"endpoint":true,"engine_version":true,"id":true,"identifier":true,"identifier_prefix":true,"kms_key_arn":true,"neptune_subnet_group_name":true,"preferred_backup_window":true,"preferred_maintenance_window":true,"storage_encrypted":true,"tags_all":true,"writer":true},"before_sensitive":false,"after_sensitive":{"tags_all":{}}}}],"configuration":{"root_module":{"resources":[{"address":"aws_neptune_cluster.neptunedb-cluster-fail","mode":"managed","type":"aws_neptune_cluster","name":"neptunedb-cluster-fail","provider_config_key":"aws","expressions":{"cluster_identifier":{"constant_value":"neptunedb-cluster-fail"},"storage_encrypted":{"constant_value":false}},"schema_version":0},{"address":"aws_neptune_cluster.neptunedb-cluster-pass","mode":"managed","type":"aws_neptune_cluster","name":"neptunedb-cluster-pass","provider_config_key":"aws","expressions":{"cluster_identifier":{"constant_value":"neptunedb-cluster-pass"},"enable_cloudwatch_logs_exports":{"constant_value":["audit"]},"storage_encrypted":{"constant_value":true}},"schema_version":0},{"address":"aws_neptune_cluster_instance.neptunedb-cluster-instance-fail","mode":"managed","type":"aws_neptune_cluster_instance","name":"neptunedb-cluster-instance-fail","provider_config_key":"aws","expressions":{"cluster_identifier":{"references":["aws_neptune_cluster.neptunedb-cluster-fail"]},"instance_class":{"constant_value":"db.r4.small"},"publicly_accessible":{"constant_value":true}},"schema_version":0},{"address":"aws_neptune_cluster_instance.neptunedb-cluster-instance-pass","mode":"managed","type":"aws_neptune_cluster_instance","name":"neptunedb-cluster-instance-pass","provider_config_key":"aws","expressions":{"cluster_identifier":{"references":["aws_neptune_cluster.neptunedb-cluster-pass"]},"instance_class":{"constant_value":"db.r4.small"},"publicly_accessible":{"constant_value":false}},"schema_version":0}]}}}
